Microsoft Visual Studio Solution File, Format Version 12.00
# Visual Studio 14
Project("{8BC9CEB8-8B4A-11D0-8D11-00A0C91BC942}") = "ALL_BUILD", "ALL_BUILD.vcxproj", "{E539DCBC-6527-364F-8DE3-45C87822A50F}"
	ProjectSection(ProjectDependencies) = postProject
		{5D394B32-A2DB-34E5-985C-1A8392BA4C3B} = {5D394B32-A2DB-34E5-985C-1A8392BA4C3B}
		{03294A11-7ED7-38AB-8475-3631BD0700BC} = {03294A11-7ED7-38AB-8475-3631BD0700BC}
	EndProjectSection
EndProject
Project("{8BC9CEB8-8B4A-11D0-8D11-00A0C91BC942}") = "B1", "B1.vcxproj", "{4D77AB28-F46E-3558-93C2-BA414B001A07}"
	ProjectSection(ProjectDependencies) = postProject
		{5D394B32-A2DB-34E5-985C-1A8392BA4C3B} = {5D394B32-A2DB-34E5-985C-1A8392BA4C3B}
		{03294A11-7ED7-38AB-8475-3631BD0700BC} = {03294A11-7ED7-38AB-8475-3631BD0700BC}
	EndProjectSection
EndProject
Project("{8BC9CEB8-8B4A-11D0-8D11-00A0C91BC942}") = "INSTALL", "INSTALL.vcxproj", "{4F2E6B10-60A2-3512-9774-D7529F1CE775}"
	ProjectSection(ProjectDependencies) = postProject
		{E539DCBC-6527-364F-8DE3-45C87822A50F} = {E539DCBC-6527-364F-8DE3-45C87822A50F}
		{5D394B32-A2DB-34E5-985C-1A8392BA4C3B} = {5D394B32-A2DB-34E5-985C-1A8392BA4C3B}
	EndProjectSection
EndProject
Project("{8BC9CEB8-8B4A-11D0-8D11-00A0C91BC942}") = "ZERO_CHECK", "ZERO_CHECK.vcxproj", "{5D394B32-A2DB-34E5-985C-1A8392BA4C3B}"
	ProjectSection(ProjectDependencies) = postProject
	EndProjectSection
EndProject
Project("{8BC9CEB8-8B4A-11D0-8D11-00A0C91BC942}") = "exampleB1", "exampleB1.vcxproj", "{03294A11-7ED7-38AB-8475-3631BD0700BC}"
	ProjectSection(ProjectDependencies) = postProject
		{5D394B32-A2DB-34E5-985C-1A8392BA4C3B} = {5D394B32-A2DB-34E5-985C-1A8392BA4C3B}
	EndProjectSection
EndProject
Global
	GlobalSection(SolutionConfigurationPlatforms) = preSolution
		Debug|Win32 = Debug|Win32
		Release|Win32 = Release|Win32
		MinSizeRel|Win32 = MinSizeRel|Win32
		RelWithDebInfo|Win32 = RelWithDebInfo|Win32
	EndGlobalSection
	GlobalSection(ProjectConfigurationPlatforms) = postSolution
		{E539DCBC-6527-364F-8DE3-45C87822A50F}.Debug|Win32.ActiveCfg = Debug|Win32
		{E539DCBC-6527-364F-8DE3-45C87822A50F}.Debug|Win32.Build.0 = Debug|Win32
		{E539DCBC-6527-364F-8DE3-45C87822A50F}.Release|Win32.ActiveCfg = Release|Win32
		{E539DCBC-6527-364F-8DE3-45C87822A50F}.Release|Win32.Build.0 = Release|Win32
		{E539DCBC-6527-364F-8DE3-45C87822A50F}.MinSizeRel|Win32.ActiveCfg = MinSizeRel|Win32
		{E539DCBC-6527-364F-8DE3-45C87822A50F}.MinSizeRel|Win32.Build.0 = MinSizeRel|Win32
		{E539DCBC-6527-364F-8DE3-45C87822A50F}.RelWithDebInfo|Win32.ActiveCfg = RelWithDebInfo|Win32
		{E539DCBC-6527-364F-8DE3-45C87822A50F}.RelWithDebInfo|Win32.Build.0 = RelWithDebInfo|Win32
		{4D77AB28-F46E-3558-93C2-BA414B001A07}.Debug|Win32.ActiveCfg = Debug|Win32
		{4D77AB28-F46E-3558-93C2-BA414B001A07}.Release|Win32.ActiveCfg = Release|Win32
		{4D77AB28-F46E-3558-93C2-BA414B001A07}.MinSizeRel|Win32.ActiveCfg = MinSizeRel|Win32
		{4D77AB28-F46E-3558-93C2-BA414B001A07}.RelWithDebInfo|Win32.ActiveCfg = RelWithDebInfo|Win32
		{4F2E6B10-60A2-3512-9774-D7529F1CE775}.Debug|Win32.ActiveCfg = Debug|Win32
		{4F2E6B10-60A2-3512-9774-D7529F1CE775}.Release|Win32.ActiveCfg = Release|Win32
		{4F2E6B10-60A2-3512-9774-D7529F1CE775}.MinSizeRel|Win32.ActiveCfg = MinSizeRel|Win32
		{4F2E6B10-60A2-3512-9774-D7529F1CE775}.RelWithDebInfo|Win32.ActiveCfg = RelWithDebInfo|Win32
		{5D394B32-A2DB-34E5-985C-1A8392BA4C3B}.Debug|Win32.ActiveCfg = Debug|Win32
		{5D394B32-A2DB-34E5-985C-1A8392BA4C3B}.Debug|Win32.Build.0 = Debug|Win32
		{5D394B32-A2DB-34E5-985C-1A8392BA4C3B}.Release|Win32.ActiveCfg = Release|Win32
		{5D394B32-A2DB-34E5-985C-1A8392BA4C3B}.Release|Win32.Build.0 = Release|Win32
		{5D394B32-A2DB-34E5-985C-1A8392BA4C3B}.MinSizeRel|Win32.ActiveCfg = MinSizeRel|Win32
		{5D394B32-A2DB-34E5-985C-1A8392BA4C3B}.MinSizeRel|Win32.Build.0 = MinSizeRel|Win32
		{5D394B32-A2DB-34E5-985C-1A8392BA4C3B}.RelWithDebInfo|Win32.ActiveCfg = RelWithDebInfo|Win32
		{5D394B32-A2DB-34E5-985C-1A8392BA4C3B}.RelWithDebInfo|Win32.Build.0 = RelWithDebInfo|Win32
		{03294A11-7ED7-38AB-8475-3631BD0700BC}.Debug|Win32.ActiveCfg = Debug|Win32
		{03294A11-7ED7-38AB-8475-3631BD0700BC}.Debug|Win32.Build.0 = Debug|Win32
		{03294A11-7ED7-38AB-8475-3631BD0700BC}.Release|Win32.ActiveCfg = Release|Win32
		{03294A11-7ED7-38AB-8475-3631BD0700BC}.Release|Win32.Build.0 = Release|Win32
		{03294A11-7ED7-38AB-8475-3631BD0700BC}.MinSizeRel|Win32.ActiveCfg = MinSizeRel|Win32
		{03294A11-7ED7-38AB-8475-3631BD0700BC}.MinSizeRel|Win32.Build.0 = MinSizeRel|Win32
		{03294A11-7ED7-38AB-8475-3631BD0700BC}.RelWithDebInfo|Win32.ActiveCfg = RelWithDebInfo|Win32
		{03294A11-7ED7-38AB-8475-3631BD0700BC}.RelWithDebInfo|Win32.Build.0 = RelWithDebInfo|Win32
	EndGlobalSection
	GlobalSection(ExtensibilityGlobals) = postSolution
	EndGlobalSection
	GlobalSection(ExtensibilityAddIns) = postSolution
	EndGlobalSection
EndGlobal
