<?xml version="1.0" encoding="UTF-8"?>
<Project ToolsVersion="14.0" xmlns="http://schemas.microsoft.com/developer/msbuild/2003">
  <ItemGroup>
    <CustomBuild Include="C:\Users\skhr1\Documents\Script\Github\geant4\sampleProject\water_moderate_neutron\B1-build\CMakeFiles\2a3197628edbb5b1e178602c48aaee3d\INSTALL_force.rule">
      <Filter>CMake Rules</Filter>
    </CustomBuild>
  </ItemGroup>
  <ItemGroup>
    <Filter Include="CMake Rules">
      <UniqueIdentifier>{A681ADD3-42A1-3F5D-8C5B-D7BB1E8140EE}</UniqueIdentifier>
    </Filter>
  </ItemGroup>
</Project>
