<?xml version="1.0" encoding="UTF-8"?>
<Project ToolsVersion="14.0" xmlns="http://schemas.microsoft.com/developer/msbuild/2003">
  <ItemGroup>
    <CustomBuild Include="C:\Users\skhr1\Documents\Script\Github\geant4\sampleProject\detect_xray_emission\B1\CMakeLists.txt" />
    <CustomBuild Include="C:\Users\skhr1\Documents\Script\Github\geant4\sampleProject\detect_xray_emission\B1-build\CMakeFiles\17c3c69cbaf8a27c048721a409157613\B1.rule">
      <Filter>CMake Rules</Filter>
    </CustomBuild>
  </ItemGroup>
  <ItemGroup>
    <None Include="C:\Users\skhr1\Documents\Script\Github\geant4\sampleProject\detect_xray_emission\B1-build\CMakeFiles\B1" />
  </ItemGroup>
  <ItemGroup>
    <Filter Include="CMake Rules">
      <UniqueIdentifier>{BFAEC736-7E38-3FC2-836E-BFDBC0D2AD01}</UniqueIdentifier>
    </Filter>
  </ItemGroup>
</Project>
