<?xml version="1.0" encoding="UTF-8"?>
<Project ToolsVersion="14.0" xmlns="http://schemas.microsoft.com/developer/msbuild/2003">
  <ItemGroup>
    <ClCompile Include="C:\Users\skhr1\Documents\Script\Github\geant4\sampleProject\detect_xray_emission\B1\exampleB1.cc">
      <Filter>Source Files</Filter>
    </ClCompile>
    <ClCompile Include="C:\Users\skhr1\Documents\Script\Github\geant4\sampleProject\detect_xray_emission\B1\src\B1ActionInitialization.cc">
      <Filter>Source Files</Filter>
    </ClCompile>
    <ClCompile Include="C:\Users\skhr1\Documents\Script\Github\geant4\sampleProject\detect_xray_emission\B1\src\B1DetectorConstruction.cc">
      <Filter>Source Files</Filter>
    </ClCompile>
    <ClCompile Include="C:\Users\skhr1\Documents\Script\Github\geant4\sampleProject\detect_xray_emission\B1\src\B1EventAction.cc">
      <Filter>Source Files</Filter>
    </ClCompile>
    <ClCompile Include="C:\Users\skhr1\Documents\Script\Github\geant4\sampleProject\detect_xray_emission\B1\src\B1PhysicsList.cc">
      <Filter>Source Files</Filter>
    </ClCompile>
    <ClCompile Include="C:\Users\skhr1\Documents\Script\Github\geant4\sampleProject\detect_xray_emission\B1\src\B1PrimaryGeneratorAction.cc">
      <Filter>Source Files</Filter>
    </ClCompile>
    <ClCompile Include="C:\Users\skhr1\Documents\Script\Github\geant4\sampleProject\detect_xray_emission\B1\src\B1RunAction.cc">
      <Filter>Source Files</Filter>
    </ClCompile>
    <ClCompile Include="C:\Users\skhr1\Documents\Script\Github\geant4\sampleProject\detect_xray_emission\B1\src\B1SteppingAction.cc">
      <Filter>Source Files</Filter>
    </ClCompile>
  </ItemGroup>
  <ItemGroup>
    <ClInclude Include="C:\Users\skhr1\Documents\Script\Github\geant4\sampleProject\detect_xray_emission\B1\include\B1ActionInitialization.hh">
      <Filter>Header Files</Filter>
    </ClInclude>
    <ClInclude Include="C:\Users\skhr1\Documents\Script\Github\geant4\sampleProject\detect_xray_emission\B1\include\B1Analysis.hh">
      <Filter>Header Files</Filter>
    </ClInclude>
    <ClInclude Include="C:\Users\skhr1\Documents\Script\Github\geant4\sampleProject\detect_xray_emission\B1\include\B1DetectorConstruction.hh">
      <Filter>Header Files</Filter>
    </ClInclude>
    <ClInclude Include="C:\Users\skhr1\Documents\Script\Github\geant4\sampleProject\detect_xray_emission\B1\include\B1EventAction.hh">
      <Filter>Header Files</Filter>
    </ClInclude>
    <ClInclude Include="C:\Users\skhr1\Documents\Script\Github\geant4\sampleProject\detect_xray_emission\B1\include\B1PhysicsList.hh">
      <Filter>Header Files</Filter>
    </ClInclude>
    <ClInclude Include="C:\Users\skhr1\Documents\Script\Github\geant4\sampleProject\detect_xray_emission\B1\include\B1PrimaryGeneratorAction.hh">
      <Filter>Header Files</Filter>
    </ClInclude>
    <ClInclude Include="C:\Users\skhr1\Documents\Script\Github\geant4\sampleProject\detect_xray_emission\B1\include\B1RunAction.hh">
      <Filter>Header Files</Filter>
    </ClInclude>
    <ClInclude Include="C:\Users\skhr1\Documents\Script\Github\geant4\sampleProject\detect_xray_emission\B1\include\B1SteppingAction.hh">
      <Filter>Header Files</Filter>
    </ClInclude>
  </ItemGroup>
  <ItemGroup>
    <CustomBuild Include="C:\Users\skhr1\Documents\Script\Github\geant4\sampleProject\detect_xray_emission\B1\CMakeLists.txt" />
  </ItemGroup>
  <ItemGroup>
    <Filter Include="Source Files">
      <UniqueIdentifier>{D7FFD0AF-9FEB-358E-8D8D-08255AF70F71}</UniqueIdentifier>
    </Filter>
    <Filter Include="Header Files">
      <UniqueIdentifier>{7F759974-C849-352C-8249-43B42A66889F}</UniqueIdentifier>
    </Filter>
  </ItemGroup>
</Project>
